
Microsoft Visual Studio Solution File, Format Version 12.00
# Visual Studio Version 17
VisualStudioVersion = 17.11.35327.3
MinimumVisualStudioVersion = 10.0.40219.1
Project("{FAE04EC0-301F-11D3-BF4B-00C04F79EFBC}") = "Mods", "Mods\Mods.csproj", "{D8836A14-A4FA-8468-0A65-9B61421A3DE8}"
EndProject
Global
	GlobalSection(SolutionConfigurationPlatforms) = preSolution
		Debug|Any CPU = Debug|Any CPU
		Release|Any CPU = Release|Any CPU
	EndGlobalSection
	GlobalSection(ProjectConfigurationPlatforms) = postSolution
		{D8836A14-A4FA-8468-0A65-9B61421A3DE8}.Debug|Any CPU.ActiveCfg = Debug|Any CPU
		{D8836A14-A4FA-8468-0A65-9B61421A3DE8}.Debug|Any CPU.Build.0 = Debug|Any CPU
		{D8836A14-A4FA-8468-0A65-9B61421A3DE8}.Release|Any CPU.ActiveCfg = Release|Any CPU
		{D8836A14-A4FA-8468-0A65-9B61421A3DE8}.Release|Any CPU.Build.0 = Release|Any CPU
	EndGlobalSection
	GlobalSection(SolutionProperties) = preSolution
		HideSolutionNode = FALSE
	EndGlobalSection
	GlobalSection(ExtensibilityGlobals) = postSolution
		SolutionGuid = {0B0701C5-ACB5-43E6-85CD-1BFB9DB94A3E}
	EndGlobalSection
EndGlobal
